{
    "_readme": [
        "This lock file was added in the kata environment without access to Composer mirrors.",
        "Run \"composer update\" in a networked environment to refresh package metadata if required."
    ],
    "content-hash": "",
    "packages": [],
    "packages-dev": [],
    "aliases": [],
    "minimum-stability": "stable",
    "stability-flags": [],
    "prefer-stable": false,
    "prefer-lowest": false,
    "platform": [],
    "platform-dev": [],
    "plugin-api-version": "2.6.0"
}
